
Microsoft Visual Studio Solution File, Format Version 12.00
Project("{FAE04EC0-301F-11D3-BF4B-00C04F79EFBC}") = "CFDI-Egreso-Extractor", "CFDI-Egreso-Extractor\CFDI-Egreso-Extractor.csproj", "{D426A658-C5B1-4DB7-A608-865EA6563825}"
EndProject
Global
	GlobalSection(SolutionConfigurationPlatforms) = preSolution
		Debug|Any CPU = Debug|Any CPU
		Release|Any CPU = Release|Any CPU
	EndGlobalSection
	GlobalSection(ProjectConfigurationPlatforms) = postSolution
		{D426A658-C5B1-4DB7-A608-865EA6563825}.Debug|Any CPU.ActiveCfg = Debug|Any CPU
		{D426A658-C5B1-4DB7-A608-865EA6563825}.Debug|Any CPU.Build.0 = Debug|Any CPU
		{D426A658-C5B1-4DB7-A608-865EA6563825}.Release|Any CPU.ActiveCfg = Release|Any CPU
		{D426A658-C5B1-4DB7-A608-865EA6563825}.Release|Any CPU.Build.0 = Release|Any CPU
	EndGlobalSection
EndGlobal
